
Microsoft Visual Studio Solution File, Format Version 12.00
# Visual Studio Version 16
VisualStudioVersion = 16.0.30011.22
MinimumVisualStudioVersion = 10.0.40219.1
Project("{9A19103F-16F7-4668-BE54-9A1E7A4F7556}") = "api", "api\api.csproj", "{73F1DE5D-BA52-4B21-8D6D-90A5C0857E7A}"
EndProject
Global
	GlobalSection(SolutionConfigurationPlatforms) = preSolution
		Debug|Any CPU = Debug|Any CPU
		Release|Any CPU = Release|Any CPU
	EndGlobalSection
	GlobalSection(ProjectConfigurationPlatforms) = postSolution
		{73F1DE5D-BA52-4B21-8D6D-90A5C0857E7A}.Debug|Any CPU.ActiveCfg = Debug|Any CPU
		{73F1DE5D-BA52-4B21-8D6D-90A5C0857E7A}.Debug|Any CPU.Build.0 = Debug|Any CPU
		{73F1DE5D-BA52-4B21-8D6D-90A5C0857E7A}.Release|Any CPU.ActiveCfg = Release|Any CPU
		{73F1DE5D-BA52-4B21-8D6D-90A5C0857E7A}.Release|Any CPU.Build.0 = Release|Any CPU
	EndGlobalSection
	GlobalSection(SolutionProperties) = preSolution
		HideSolutionNode = FALSE
	EndGlobalSection
	GlobalSection(ExtensibilityGlobals) = postSolution
		SolutionGuid = {21EBC624-94CB-4258-AB02-F34779E1F49D}
	EndGlobalSection
EndGlobal
